Microsoft Visual Studio Solution File, Format Version 12.00
# Visual Studio Version 17
VisualStudioVersion = 17.5.2.0
MinimumVisualStudioVersion = 10.0.40219.1
Project("{FAE04EC0-301F-11D3-BF4B-00C04F79EFBC}") = "LocalizableApp", "LocalizableApp.csproj", "{B0ED49A1-E27E-5B57-9CE6-07420772F9C7}"
EndProject
Global
	GlobalSection(SolutionConfigurationPlatforms) = preSolution
		Debug|Any CPU = Debug|Any CPU
		Release|Any CPU = Release|Any CPU
	EndGlobalSection
	GlobalSection(ProjectConfigurationPlatforms) = postSolution
		{B0ED49A1-E27E-5B57-9CE6-07420772F9C7}.Debug|Any CPU.ActiveCfg = Debug|Any CPU
		{B0ED49A1-E27E-5B57-9CE6-07420772F9C7}.Debug|Any CPU.Build.0 = Debug|Any CPU
		{B0ED49A1-E27E-5B57-9CE6-07420772F9C7}.Release|Any CPU.ActiveCfg = Release|Any CPU
		{B0ED49A1-E27E-5B57-9CE6-07420772F9C7}.Release|Any CPU.Build.0 = Release|Any CPU
	EndGlobalSection
	GlobalSection(SolutionProperties) = preSolution
		HideSolutionNode = FALSE
	EndGlobalSection
	GlobalSection(ExtensibilityGlobals) = postSolution
		SolutionGuid = {4A0AB179-C51D-452F-9000-C14C1ADAD4EE}
	EndGlobalSection
EndGlobal
